// !$*UTF8*$!
{
	archiveVersion = 1;
	classes = {
	};
	objectVersion = 55;
	objects = {

/* Begin PBXBuildFile section */
		1C14646128FA2D6100EF3ADB /* commentTableViewCell.swift in Sources */ = {isa = PBXBuildFile; fileRef = 1C14646028FA2D6100EF3ADB /* commentTableViewCell.swift */; };
		1C536F8B28F4C9EF000B9DF7 /* AppDelegate.swift in Sources */ = {isa = PBXBuildFile; fileRef = 1C536F8A28F4C9EF000B9DF7 /* AppDelegate.swift */; };
		1C536F8D28F4C9EF000B9DF7 /* SceneDelegate.swift in Sources */ = {isa = PBXBuildFile; fileRef = 1C536F8C28F4C9EF000B9DF7 /* SceneDelegate.swift */; };
		1C536F8F28F4C9EF000B9DF7 /* ViewController.swift in Sources */ = {isa = PBXBuildFile; fileRef = 1C536F8E28F4C9EF000B9DF7 /* ViewController.swift */; };
		1C536F9428F4C9F0000B9DF7 /* Assets.xcassets in Resources */ = {isa = PBXBuildFile; fileRef = 1C536F9328F4C9F0000B9DF7 /* Assets.xcassets */; };
		1C536F9728F4C9F0000B9DF7 /* LaunchScreen.storyboard in Resources */ = {isa = PBXBuildFile; fileRef = 1C536F9528F4C9F0000B9DF7 /* LaunchScreen.storyboard */; };
		1C536FA228F4C9F0000B9DF7 /* InstaTests.swift in Sources */ = {isa = PBXBuildFile; fileRef = 1C536FA128F4C9F0000B9DF7 /* InstaTests.swift */; };
		1C536FAC28F4C9F0000B9DF7 /* InstaUITests.swift in Sources */ = {isa = PBXBuildFile; fileRef = 1C536FAB28F4C9F0000B9DF7 /* InstaUITests.swift */; };
		1C536FAE28F4C9F0000B9DF7 /* InstaUITestsLaunchTests.swift in Sources */ = {isa = PBXBuildFile; fileRef = 1C536FAD28F4C9F0000B9DF7 /* InstaUITestsLaunchTests.swift */; };
		1C536FBB28F4DA80000B9DF7 /* CameraViewController.swift in Sources */ = {isa = PBXBuildFile; fileRef = 1C536FBA28F4DA80000B9DF7 /* CameraViewController.swift */; };
		1C536FBD28F4E1B2000B9DF7 /* FeedViewController.swift in Sources */ = {isa = PBXBuildFile; fileRef = 1C536FBC28F4E1B2000B9DF7 /* FeedViewController.swift */; };
		1C536FBF28F4EFAD000B9DF7 /* PostCellTableViewCell.swift in Sources */ = {isa = PBXBuildFile; fileRef = 1C536FBE28F4EFAD000B9DF7 /* PostCellTableViewCell.swift */; };
		4CE503FBC0066ED4F59853EC /* Pods_Insta.framework in Frameworks */ = {isa = PBXBuildFile; fileRef = 920C3E5A712CC7F16BFB2AA8 /* Pods_Insta.framework */; };
		53CCE9DB3E279A12612397EF /* Pods_Insta_InstaUITests.framework in Frameworks */ = {isa = PBXBuildFile; fileRef = DA707185DE85A6CFE55CBA63 /* Pods_Insta_InstaUITests.framework */; };
		574FD47D8C448EE90911E5B8 /* Pods_InstaTests.framework in Frameworks */ = {isa = PBXBuildFile; fileRef = 6AC7BE678E70164FB0769B83 /* Pods_InstaTests.framework */; };
/* End PBXBuildFile section */

/* Begin PBXContainerItemProxy section */
		1C536F9E28F4C9F0000B9DF7 /* PBXContainerItemProxy */ = {
			isa = PBXContainerItemProxy;
			containerPortal = 1C536F7F28F4C9EF000B9DF7 /* Project object */;
			proxyType = 1;
			remoteGlobalIDString = 1C536F8628F4C9EF000B9DF7;
			remoteInfo = Insta;
		};
		1C536FA828F4C9F0000B9DF7 /* PBXContainerItemProxy */ = {
			isa = PBXContainerItemProxy;
			containerPortal = 1C536F7F28F4C9EF000B9DF7 /* Project object */;
			proxyType = 1;
			remoteGlobalIDString = 1C536F8628F4C9EF000B9DF7;
			remoteInfo = Insta;
		};
/* End PBXContainerItemProxy section */

/* Begin PBXFileReference section */
		13439105A8C8149D455D66EA /* Pods-Insta.debug.xcconfig */ = {isa = PBXFileReference; includeInIndex = 1; lastKnownFileType = text.xcconfig; name = "Pods-Insta.debug.xcconfig"; path = "Target Support Files/Pods-Insta/Pods-Insta.debug.xcconfig"; sourceTree = "<group>"; };
		1C14646028FA2D6100EF3ADB /* commentTableViewCell.swift */ = {isa = PBXFileReference; lastKnownFileType = sourcecode.swift; path = commentTableViewCell.swift; sourceTree = "<group>"; };
		1C536F8728F4C9EF000B9DF7 /* Insta.app */ = {isa = PBXFileReference; explicitFileType = wrapper.application; includeInIndex = 0; path = Insta.app; sourceTree = BUILT_PRODUCTS_DIR; };
		1C536F8A28F4C9EF000B9DF7 /* AppDelegate.swift */ = {isa = PBXFileReference; lastKnownFileType = sourcecode.swift; path = AppDelegate.swift; sourceTree = "<group>"; };
		1C536F8C28F4C9EF000B9DF7 /* SceneDelegate.swift */ = {isa = PBXFileReference; lastKnownFileType = sourcecode.swift; path = SceneDelegate.swift; sourceTree = "<group>"; };
		1C536F8E28F4C9EF000B9DF7 /* ViewController.swift */ = {isa = PBXFileReference; lastKnownFileType = sourcecode.swift; path = ViewController.swift; sourceTree = "<group>"; };
		1C536F9328F4C9F0000B9DF7 /* Assets.xcassets */ = {isa = PBXFileReference; lastKnownFileType = folder.assetcatalog; path = Assets.xcassets; sourceTree = "<group>"; };
		1C536F9628F4C9F0000B9DF7 /* Base */ = {isa = PBXFileReference; lastKnownFileType = file.storyboard; name = Base; path = Base.lproj/LaunchScreen.storyboard; sourceTree = "<group>"; };
		1C536F9828F4C9F0000B9DF7 /* Info.plist */ = {isa = PBXFileReference; lastKnownFileType = text.plist.xml; path = Info.plist; sourceTree = "<group>"; };
		1C536F9D28F4C9F0000B9DF7 /* InstaTests.xctest */ = {isa = PBXFileReference; explicitFileType = wrapper.cfbundle; includeInIndex = 0; path = InstaTests.xctest; sourceTree = BUILT_PRODUCTS_DIR; };
		1C536FA128F4C9F0000B9DF7 /* InstaTests.swift */ = {isa = PBXFileReference; lastKnownFileType = sourcecode.swift; path = InstaTests.swift; sourceTree = "<group>"; };
		1C536FA728F4C9F0000B9DF7 /* InstaUITests.xctest */ = {isa = PBXFileReference; explicitFileType = wrapper.cfbundle; includeInIndex = 0; path = InstaUITests.xctest; sourceTree = BUILT_PRODUCTS_DIR; };
		1C536FAB28F4C9F0000B9DF7 /* InstaUITests.swift */ = {isa = PBXFileReference; lastKnownFileType = sourcecode.swift; path = InstaUITests.swift; sourceTree = "<group>"; };
		1C536FAD28F4C9F0000B9DF7 /* InstaUITestsLaunchTests.swift */ = {isa = PBXFileReference; lastKnownFileType = sourcecode.swift; path = InstaUITestsLaunchTests.swift; sourceTree = "<group>"; };
		1C536FBA28F4DA80000B9DF7 /* CameraViewController.swift */ = {isa = PBXFileReference; lastKnownFileType = sourcecode.swift; path = CameraViewController.swift; sourceTree = "<group>"; };
		1C536FBC28F4E1B2000B9DF7 /* FeedViewController.swift */ = {isa = PBXFileReference; lastKnownFileType = sourcecode.swift; path = FeedViewController.swift; sourceTree = "<group>"; };
		1C536FBE28F4EFAD000B9DF7 /* PostCellTableViewCell.swift */ = {isa = PBXFileReference; lastKnownFileType = sourcecode.swift; path = PostCellTableViewCell.swift; sourceTree = "<group>"; };
		47D1A2B17FDA28EF8DC9ECFC /* Pods-Insta-InstaUITests.release.xcconfig */ = {isa = PBXFileReference; includeInIndex = 1; lastKnownFileType = text.xcconfig; name = "Pods-Insta-InstaUITests.release.xcconfig"; path = "Target Support Files/Pods-Insta-InstaUITests/Pods-Insta-InstaUITests.release.xcconfig"; sourceTree = "<group>"; };
		672F16052859B38F4BD14DF4 /* Pods-InstaTests.release.xcconfig */ = {isa = PBXFileReference; includeInIndex = 1; lastKnownFileType = text.xcconfig; name = "Pods-InstaTests.release.xcconfig"; path = "Target Support Files/Pods-InstaTests/Pods-InstaTests.release.xcconfig"; sourceTree = "<group>"; };
		6AC7BE678E70164FB0769B83 /* Pods_InstaTests.framework */ = {isa = PBXFileReference; explicitFileType = wrapper.framework; includeInIndex = 0; path = Pods_InstaTests.framework; sourceTree = BUILT_PRODUCTS_DIR; };
		920C3E5A712CC7F16BFB2AA8 /* Pods_Insta.framework */ = {isa = PBXFileReference; explicitFileType = wrapper.framework; includeInIndex = 0; path = Pods_Insta.framework; sourceTree = BUILT_PRODUCTS_DIR; };
		BD70A75A3EAFE52BFFFBF750 /* Pods-Insta.release.xcconfig */ = {isa = PBXFileReference; includeInIndex = 1; lastKnownFileType = text.xcconfig; name = "Pods-Insta.release.xcconfig"; path = "Target Support Files/Pods-Insta/Pods-Insta.release.xcconfig"; sourceTree = "<group>"; };
		DA707185DE85A6CFE55CBA63 /* Pods_Insta_InstaUITests.framework */ = {isa = PBXFileReference; explicitFileType = wrapper.framework; includeInIndex = 0; path = Pods_Insta_InstaUITests.framework; sourceTree = BUILT_PRODUCTS_DIR; };
		DF94E1A41DD2508548E0C748 /* Pods-Insta-InstaUITests.debug.xcconfig */ = {isa = PBXFileReference; includeInIndex = 1; lastKnownFileType = text.xcconfig; name = "Pods-Insta-InstaUITests.debug.xcconfig"; path = "Target Support Files/Pods-Insta-InstaUITests/Pods-Insta-InstaUITests.debug.xcconfig"; sourceTree = "<group>"; };
		ED5E0B2F1ECEED5E476D3723 /* Pods-InstaTests.debug.xcconfig */ = {isa = PBXFileReference; includeInIndex = 1; lastKnownFileType = text.xcconfig; name = "Pods-InstaTests.debug.xcconfig"; path = "Target Support Files/Pods-InstaTests/Pods-InstaTests.debug.xcconfig"; sourceTree = "<group>"; };
/* End PBXFileReference section */

/* Begin PBXFrameworksBuildPhase section */
		1C536F8428F4C9EF000B9DF7 /* Frameworks */ = {
			isa = PBXFrameworksBuildPhase;
			buildActionMask = 2147483647;
			files = (
				4CE503FBC0066ED4F59853EC /* Pods_Insta.framework in Frameworks */,
			);
			runOnlyForDeploymentPostprocessing = 0;
		};
		1C536F9A28F4C9F0000B9DF7 /* Frameworks */ = {
			isa = PBXFrameworksBuildPhase;
			buildActionMask = 2147483647;
			files = (
				574FD47D8C448EE90911E5B8 /* Pods_InstaTests.framework in Frameworks */,
			);
			runOnlyForDeploymentPostprocessing = 0;
		};
		1C536FA428F4C9F0000B9DF7 /* Frameworks */ = {
			isa = PBXFrameworksBuildPhase;
			buildActionMask = 2147483647;
			files = (
				53CCE9DB3E279A12612397EF /* Pods_Insta_InstaUITests.framework in Frameworks */,
			);
			runOnlyForDeploymentPostprocessing = 0;
		};
/* End PBXFrameworksBuildPhase section */

/* Begin PBXGroup section */
		1C536F7E28F4C9EF000B9DF7 = {
			isa = PBXGroup;
			children = (
				1C536F8928F4C9EF000B9DF7 /* Insta */,
				1C536FA028F4C9F0000B9DF7 /* InstaTests */,
				1C536FAA28F4C9F0000B9DF7 /* InstaUITests */,
				1C536F8828F4C9EF000B9DF7 /* Products */,
				EBC2207D19A5228EC0CCA315 /* Pods */,
				3B952E3210A0853BAE22ACD3 /* Frameworks */,
			);
			sourceTree = "<group>";
		};
		1C536F8828F4C9EF000B9DF7 /* Products */ = {
			isa = PBXGroup;
			children = (
				1C536F8728F4C9EF000B9DF7 /* Insta.app */,
				1C536F9D28F4C9F0000B9DF7 /* InstaTests.xctest */,
				1C536FA728F4C9F0000B9DF7 /* InstaUITests.xctest */,
			);
			name = Products;
			sourceTree = "<group>";
		};
		1C536F8928F4C9EF000B9DF7 /* Insta */ = {
			isa = PBXGroup;
			children = (
				1C536F8A28F4C9EF000B9DF7 /* AppDelegate.swift */,
				1C536F8C28F4C9EF000B9DF7 /* SceneDelegate.swift */,
				1C536F8E28F4C9EF000B9DF7 /* ViewController.swift */,
				1C536FBA28F4DA80000B9DF7 /* CameraViewController.swift */,
				1C536FBC28F4E1B2000B9DF7 /* FeedViewController.swift */,
				1C14646028FA2D6100EF3ADB /* commentTableViewCell.swift */,
				1C536FBE28F4EFAD000B9DF7 /* PostCellTableViewCell.swift */,
				1C536F9328F4C9F0000B9DF7 /* Assets.xcassets */,
				1C536F9528F4C9F0000B9DF7 /* LaunchScreen.storyboard */,
				1C536F9828F4C9F0000B9DF7 /* Info.plist */,
			);
			path = Insta;
			sourceTree = "<group>";
		};
		1C536FA028F4C9F0000B9DF7 /* InstaTests */ = {
			isa = PBXGroup;
			children = (
				1C536FA128F4C9F0000B9DF7 /* InstaTests.swift */,
			);
			path = InstaTests;
			sourceTree = "<group>";
		};
		1C536FAA28F4C9F0000B9DF7 /* InstaUITests */ = {
			isa = PBXGroup;
			children = (
				1C536FAB28F4C9F0000B9DF7 /* InstaUITests.swift */,
				1C536FAD28F4C9F0000B9DF7 /* InstaUITestsLaunchTests.swift */,
			);
			path = InstaUITests;
			sourceTree = "<group>";
		};
		3B952E3210A0853BAE22ACD3 /* Frameworks */ = {
			isa = PBXGroup;
			children = (
				920C3E5A712CC7F16BFB2AA8 /* Pods_Insta.framework */,
				DA707185DE85A6CFE55CBA63 /* Pods_Insta_InstaUITests.framework */,
				6AC7BE678E70164FB0769B83 /* Pods_InstaTests.framework */,
			);
			name = Frameworks;
			sourceTree = "<group>";
		};
		EBC2207D19A5228EC0CCA315 /* Pods */ = {
			isa = PBXGroup;
			children = (
				13439105A8C8149D455D66EA /* Pods-Insta.debug.xcconfig */,
				BD70A75A3EAFE52BFFFBF750 /* Pods-Insta.release.xcconfig */,
				DF94E1A41DD2508548E0C748 /* Pods-Insta-InstaUITests.debug.xcconfig */,
				47D1A2B17FDA28EF8DC9ECFC /* Pods-Insta-InstaUITests.release.xcconfig */,
				ED5E0B2F1ECEED5E476D3723 /* Pods-InstaTests.debug.xcconfig */,
				672F16052859B38F4BD14DF4 /* Pods-InstaTests.release.xcconfig */,
			);
			path = Pods;
			sourceTree = "<group>";
		};
/* End PBXGroup section */

/* Begin PBXNativeTarget section */
		1C536F8628F4C9EF000B9DF7 /* Insta */ = {
			isa = PBXNativeTarget;
			buildConfigurationList = 1C536FB128F4C9F0000B9DF7 /* Build configuration list for PBXNativeTarget "Insta" */;
			buildPhases = (
				C0B688C0CEE54CAB31530F60 /* [CP] Check Pods Manifest.lock */,
				1C536F8328F4C9EF000B9DF7 /* Sources */,
				1C536F8428F4C9EF000B9DF7 /* Frameworks */,
				1C536F8528F4C9EF000B9DF7 /* Resources */,
				222CF15AAF734A638F995E57 /* [CP] Embed Pods Frameworks */,
			);
			buildRules = (
			);
			dependencies = (
			);
			name = Insta;
			productName = Insta;
			productReference = 1C536F8728F4C9EF000B9DF7 /* Insta.app */;
			productType = "com.apple.product-type.application";
		};
		1C536F9C28F4C9F0000B9DF7 /* InstaTests */ = {
			isa = PBXNativeTarget;
			buildConfigurationList = 1C536FB428F4C9F0000B9DF7 /* Build configuration list for PBXNativeTarget "InstaTests" */;
			buildPhases = (
				AAF8CEABC455068972ECC9E3 /* [CP] Check Pods Manifest.lock */,
				1C536F9928F4C9F0000B9DF7 /* Sources */,
				1C536F9A28F4C9F0000B9DF7 /* Frameworks */,
				1C536F9B28F4C9F0000B9DF7 /* Resources */,
			);
			buildRules = (
			);
			dependencies = (
				1C536F9F28F4C9F0000B9DF7 /* PBXTargetDependency */,
			);
			name = InstaTests;
			productName = InstaTests;
			productReference = 1C536F9D28F4C9F0000B9DF7 /* InstaTests.xctest */;
			productType = "com.apple.product-type.bundle.unit-test";
		};
		1C536FA628F4C9F0000B9DF7 /* InstaUITests */ = {
			isa = PBXNativeTarget;
			buildConfigurationList = 1C536FB728F4C9F0000B9DF7 /* Build configuration list for PBXNativeTarget "InstaUITests" */;
			buildPhases = (
				6452D2F0983EE955954E31D7 /* [CP] Check Pods Manifest.lock */,
				1C536FA328F4C9F0000B9DF7 /* Sources */,
				1C536FA428F4C9F0000B9DF7 /* Frameworks */,
				1C536FA528F4C9F0000B9DF7 /* Resources */,
				6C7CC79678F745FDA5419B1C /* [CP] Embed Pods Frameworks */,
			);
			buildRules = (
			);
			dependencies = (
				1C536FA928F4C9F0000B9DF7 /* PBXTargetDependency */,
			);
			name = InstaUITests;
			productName = InstaUITests;
			productReference = 1C536FA728F4C9F0000B9DF7 /* InstaUITests.xctest */;
			productType = "com.apple.product-type.bundle.ui-testing";
		};
/* End PBXNativeTarget section */

/* Begin PBXProject section */
		1C536F7F28F4C9EF000B9DF7 /* Project object */ = {
			isa = PBXProject;
			attributes = {
				BuildIndependentTargetsInParallel = 1;
				LastSwiftUpdateCheck = 1340;
				LastUpgradeCheck = 1340;
				TargetAttributes = {
					1C536F8628F4C9EF000B9DF7 = {
						CreatedOnToolsVersion = 13.4.1;
					};
					1C536F9C28F4C9F0000B9DF7 = {
						CreatedOnToolsVersion = 13.4.1;
						TestTargetID = 1C536F8628F4C9EF000B9DF7;
					};
					1C536FA628F4C9F0000B9DF7 = {
						CreatedOnToolsVersion = 13.4.1;
						TestTargetID = 1C536F8628F4C9EF000B9DF7;
					};
				};
			};
			buildConfigurationList = 1C536F8228F4C9EF000B9DF7 /* Build configuration list for PBXProject "Insta" */;
			compatibilityVersion = "Xcode 13.0";
			developmentRegion = en;
			hasScannedForEncodings = 0;
			knownRegions = (
				en,
				Base,
			);
			mainGroup = 1C536F7E28F4C9EF000B9DF7;
			productRefGroup = 1C536F8828F4C9EF000B9DF7 /* Products */;
			projectDirPath = "";
			projectRoot = "";
			targets = (
				1C536F8628F4C9EF000B9DF7 /* Insta */,
				1C536F9C28F4C9F0000B9DF7 /* InstaTests */,
				1C536FA628F4C9F0000B9DF7 /* InstaUITests */,
			);
		};
/* End PBXProject section */

/* Begin PBXResourcesBuildPhase section */
		1C536F8528F4C9EF000B9DF7 /* Resources */ = {
			isa = PBXResourcesBuildPhase;
			buildActionMask = 2147483647;
			files = (
				1C536F9728F4C9F0000B9DF7 /* LaunchScreen.storyboard in Resources */,
				1C536F9428F4C9F0000B9DF7 /* Assets.xcassets in Resources */,
			);
			runOnlyForDeploymentPostprocessing = 0;
		};
		1C536F9B28F4C9F0000B9DF7 /* Resources */ = {
			isa = PBXResourcesBuildPhase;
			buildActionMask = 2147483647;
			files = (
			);
			runOnlyForDeploymentPostprocessing = 0;
		};
		1C536FA528F4C9F0000B9DF7 /* Resources */ = {
			isa = PBXResourcesBuildPhase;
			buildActionMask = 2147483647;
			files = (
			);
			runOnlyForDeploymentPostprocessing = 0;
		};
/* End PBXResourcesBuildPhase section */

/* Begin PBXShellScriptBuildPhase section */
		222CF15AAF734A638F995E57 /* [CP] Embed Pods Frameworks */ = {
			isa = PBXShellScriptBuildPhase;
			buildActionMask = 2147483647;
			files = (
			);
			inputFileListPaths = (
				"${PODS_ROOT}/Target Support Files/Pods-Insta/Pods-Insta-frameworks-${CONFIGURATION}-input-files.xcfilelist",
			);
			name = "[CP] Embed Pods Frameworks";
			outputFileListPaths = (
				"${PODS_ROOT}/Target Support Files/Pods-Insta/Pods-Insta-frameworks-${CONFIGURATION}-output-files.xcfilelist",
			);
			runOnlyForDeploymentPostprocessing = 0;
			shellPath = /bin/sh;
			shellScript = "\"${PODS_ROOT}/Target Support Files/Pods-Insta/Pods-Insta-frameworks.sh\"\n";
			showEnvVarsInLog = 0;
		};
		6452D2F0983EE955954E31D7 /* [CP] Check Pods Manifest.lock */ = {
			isa = PBXShellScriptBuildPhase;
			buildActionMask = 2147483647;
			files = (
			);
			inputFileListPaths = (
			);
			inputPaths = (
				"${PODS_PODFILE_DIR_PATH}/Podfile.lock",
				"${PODS_ROOT}/Manifest.lock",
			);
			name = "[CP] Check Pods Manifest.lock";
			outputFileListPaths = (
			);
			outputPaths = (
				"$(DERIVED_FILE_DIR)/Pods-Insta-InstaUITests-checkManifestLockResult.txt",
			);
			runOnlyForDeploymentPostprocessing = 0;
			shellPath = /bin/sh;
			shellScript = "diff \"${PODS_PODFILE_DIR_PATH}/Podfile.lock\" \"${PODS_ROOT}/Manifest.lock\" > /dev/null\nif [ $? != 0 ] ; then\n    # print error to STDERR\n    echo \"error: The sandbox is not in sync with the Podfile.lock. Run 'pod install' or update your CocoaPods installation.\" >&2\n    exit 1\nfi\n# This output is used by Xcode 'outputs' to avoid re-running this script phase.\necho \"SUCCESS\" > \"${SCRIPT_OUTPUT_FILE_0}\"\n";
			showEnvVarsInLog = 0;
		};
		6C7CC79678F745FDA5419B1C /* [CP] Embed Pods Frameworks */ = {
			isa = PBXShellScriptBuildPhase;
			buildActionMask = 2147483647;
			files = (
			);
			inputFileListPaths = (
				"${PODS_ROOT}/Target Support Files/Pods-Insta-InstaUITests/Pods-Insta-InstaUITests-frameworks-${CONFIGURATION}-input-files.xcfilelist",
			);
			name = "[CP] Embed Pods Frameworks";
			outputFileListPaths = (
				"${PODS_ROOT}/Target Support Files/Pods-Insta-InstaUITests/Pods-Insta-InstaUITests-frameworks-${CONFIGURATION}-output-files.xcfilelist",
			);
			runOnlyForDeploymentPostprocessing = 0;
			shellPath = /bin/sh;
			shellScript = "\"${PODS_ROOT}/Target Support Files/Pods-Insta-InstaUITests/Pods-Insta-InstaUITests-frameworks.sh\"\n";
			showEnvVarsInLog = 0;
		};
		AAF8CEABC455068972ECC9E3 /* [CP] Check Pods Manifest.lock */ = {
			isa = PBXShellScriptBuildPhase;
			buildActionMask = 2147483647;
			files = (
			);
			inputFileListPaths = (
			);
			inputPaths = (
				"${PODS_PODFILE_DIR_PATH}/Podfile.lock",
				"${PODS_ROOT}/Manifest.lock",
			);
			name = "[CP] Check Pods Manifest.lock";
			outputFileListPaths = (
			);
			outputPaths = (
				"$(DERIVED_FILE_DIR)/Pods-InstaTests-checkManifestLockResult.txt",
			);
			runOnlyForDeploymentPostprocessing = 0;
			shellPath = /bin/sh;
			shellScript = "diff \"${PODS_PODFILE_DIR_PATH}/Podfile.lock\" \"${PODS_ROOT}/Manifest.lock\" > /dev/null\nif [ $? != 0 ] ; then\n    # print error to STDERR\n    echo \"error: The sandbox is not in sync with the Podfile.lock. Run 'pod install' or update your CocoaPods installation.\" >&2\n    exit 1\nfi\n# This output is used by Xcode 'outputs' to avoid re-running this script phase.\necho \"SUCCESS\" > \"${SCRIPT_OUTPUT_FILE_0}\"\n";
			showEnvVarsInLog = 0;
		};
		C0B688C0CEE54CAB31530F60 /* [CP] Check Pods Manifest.lock */ = {
			isa = PBXShellScriptBuildPhase;
			buildActionMask = 2147483647;
			files = (
			);
			inputFileListPaths = (
			);
			inputPaths = (
				"${PODS_PODFILE_DIR_PATH}/Podfile.lock",
				"${PODS_ROOT}/Manifest.lock",
			);
			name = "[CP] Check Pods Manifest.lock";
			outputFileListPaths = (
			);
			outputPaths = (
				"$(DERIVED_FILE_DIR)/Pods-Insta-checkManifestLockResult.txt",
			);
			runOnlyForDeploymentPostprocessing = 0;
			shellPath = /bin/sh;
			shellScript = "diff \"${PODS_PODFILE_DIR_PATH}/Podfile.lock\" \"${PODS_ROOT}/Manifest.lock\" > /dev/null\nif [ $? != 0 ] ; then\n    # print error to STDERR\n    echo \"error: The sandbox is not in sync with the Podfile.lock. Run 'pod install' or update your CocoaPods installation.\" >&2\n    exit 1\nfi\n# This output is used by Xcode 'outputs' to avoid re-running this script phase.\necho \"SUCCESS\" > \"${SCRIPT_OUTPUT_FILE_0}\"\n";
			showEnvVarsInLog = 0;
		};
/* End PBXShellScriptBuildPhase section */

/* Begin PBXSourcesBuildPhase section */
		1C536F8328F4C9EF000B9DF7 /* Sources */ = {
			isa = PBXSourcesBuildPhase;
			buildActionMask = 2147483647;
			files = (
				1C536F8F28F4C9EF000B9DF7 /* ViewController.swift in Sources */,
				1C536FBB28F4DA80000B9DF7 /* CameraViewController.swift in Sources */,
				1C536FBD28F4E1B2000B9DF7 /* FeedViewController.swift in Sources */,
				1C14646128FA2D6100EF3ADB /* commentTableViewCell.swift in Sources */,
				1C536FBF28F4EFAD000B9DF7 /* PostCellTableViewCell.swift in Sources */,
				1C536F8B28F4C9EF000B9DF7 /* AppDelegate.swift in Sources */,
				1C536F8D28F4C9EF000B9DF7 /* SceneDelegate.swift in Sources */,
			);
			runOnlyForDeploymentPostprocessing = 0;
		};
		1C536F9928F4C9F0000B9DF7 /* Sources */ = {
			isa = PBXSourcesBuildPhase;
			buildActionMask = 2147483647;
			files = (
				1C536FA228F4C9F0000B9DF7 /* InstaTests.swift in Sources */,
			);
			runOnlyForDeploymentPostprocessing = 0;
		};
		1C536FA328F4C9F0000B9DF7 /* Sources */ = {
			isa = PBXSourcesBuildPhase;
			buildActionMask = 2147483647;
			files = (
				1C536FAE28F4C9F0000B9DF7 /* InstaUITestsLaunchTests.swift in Sources */,
				1C536FAC28F4C9F0000B9DF7 /* InstaUITests.swift in Sources */,
			);
			runOnlyForDeploymentPostprocessing = 0;
		};
/* End PBXSourcesBuildPhase section */

/* Begin PBXTargetDependency section */
		1C536F9F28F4C9F0000B9DF7 /* PBXTargetDependency */ = {
			isa = PBXTargetDependency;
			target = 1C536F8628F4C9EF000B9DF7 /* Insta */;
			targetProxy = 1C536F9E28F4C9F0000B9DF7 /* PBXContainerItemProxy */;
		};
		1C536FA928F4C9F0000B9DF7 /* PBXTargetDependency */ = {
			isa = PBXTargetDependency;
			target = 1C536F8628F4C9EF000B9DF7 /* Insta */;
			targetProxy = 1C536FA828F4C9F0000B9DF7 /* PBXContainerItemProxy */;
		};
/* End PBXTargetDependency section */

/* Begin PBXVariantGroup section */
		1C536F9528F4C9F0000B9DF7 /* LaunchScreen.storyboard */ = {
			isa = PBXVariantGroup;
			children = (
				1C536F9628F4C9F0000B9DF7 /* Base */,
			);
			name = LaunchScreen.storyboard;
			sourceTree = "<group>";
		};
/* End PBXVariantGroup section */

/* Begin XCBuildConfiguration section */
		1C536FAF28F4C9F0000B9DF7 /* Debug */ = {
			isa = XCBuildConfiguration;
			buildSettings = {
				ALWAYS_SEARCH_USER_PATHS = NO;
				CLANG_ANALYZER_NONNULL = YES;
				CLANG_ANALYZER_NUMBER_OBJECT_CONVERSION = YES_AGGRESSIVE;
				CLANG_CXX_LANGUAGE_STANDARD = "gnu++17";
				CLANG_ENABLE_MODULES = YES;
				CLANG_ENABLE_OBJC_ARC = YES;
				CLANG_ENABLE_OBJC_WEAK = YES;
				CLANG_WARN_BLOCK_CAPTURE_AUTORELEASING = YES;
				CLANG_WARN_BOOL_CONVERSION = YES;
				CLANG_WARN_COMMA = YES;
				CLANG_WARN_CONSTANT_CONVERSION = YES;
				CLANG_WARN_DEPRECATED_OBJC_IMPLEMENTATIONS = YES;
				CLANG_WARN_DIRECT_OBJC_ISA_USAGE = YES_ERROR;
				CLANG_WARN_DOCUMENTATION_COMMENTS = YES;
				CLANG_WARN_EMPTY_BODY = YES;
				CLANG_WARN_ENUM_CONVERSION = YES;
				CLANG_WARN_INFINITE_RECURSION = YES;
				CLANG_WARN_INT_CONVERSION = YES;
				CLANG_WARN_NON_LITERAL_NULL_CONVERSION = YES;
				CLANG_WARN_OBJC_IMPLICIT_RETAIN_SELF = YES;
				CLANG_WARN_OBJC_LITERAL_CONVERSION = YES;
				CLANG_WARN_OBJC_ROOT_CLASS = YES_ERROR;
				CLANG_WARN_QUOTED_INCLUDE_IN_FRAMEWORK_HEADER = YES;
				CLANG_WARN_RANGE_LOOP_ANALYSIS = YES;
				CLANG_WARN_STRICT_PROTOTYPES = YES;
				CLANG_WARN_SUSPICIOUS_MOVE = YES;
				CLANG_WARN_UNGUARDED_AVAILABILITY = YES_AGGRESSIVE;
				CLANG_WARN_UNREACHABLE_CODE = YES;
				CLANG_WARN__DUPLICATE_METHOD_MATCH = YES;
				COPY_PHASE_STRIP = NO;
				DEBUG_INFORMATION_FORMAT = dwarf;
				ENABLE_STRICT_OBJC_MSGSEND = YES;
				ENABLE_TESTABILITY = YES;
				GCC_C_LANGUAGE_STANDARD = gnu11;
				GCC_DYNAMIC_NO_PIC = NO;
				GCC_NO_COMMON_BLOCKS = YES;
				GCC_OPTIMIZATION_LEVEL = 0;
				GCC_PREPROCESSOR_DEFINITIONS = (
					"DEBUG=1",
					"$(inherited)",
				);
				GCC_WARN_64_TO_32_BIT_CONVERSION = YES;
				GCC_WARN_ABOUT_RETURN_TYPE = YES_ERROR;
				GCC_WARN_UNDECLARED_SELECTOR = YES;
				GCC_WARN_UNINITIALIZED_AUTOS = YES_AGGRESSIVE;
				GCC_WARN_UNUSED_FUNCTION = YES;
				GCC_WARN_UNUSED_VARIABLE = YES;
				IPHONEOS_DEPLOYMENT_TARGET = 15.5;
				MTL_ENABLE_DEBUG_INFO = INCLUDE_SOURCE;
				MTL_FAST_MATH = YES;
				ONLY_ACTIVE_ARCH = YES;
				SDKROOT = iphoneos;
				SWIFT_ACTIVE_COMPILATION_CONDITIONS = DEBUG;
				SWIFT_OPTIMIZATION_LEVEL = "-Onone";
			};
			name = Debug;
		};
		1C536FB028F4C9F0000B9DF7 /* Release */ = {
			isa = XCBuildConfiguration;
			buildSettings = {
				ALWAYS_SEARCH_USER_PATHS = NO;
				CLANG_ANALYZER_NONNULL = YES;
				CLANG_ANALYZER_NUMBER_OBJECT_CONVERSION = YES_AGGRESSIVE;
				CLANG_CXX_LANGUAGE_STANDARD = "gnu++17";
				CLANG_ENABLE_MODULES = YES;
				CLANG_ENABLE_OBJC_ARC = YES;
				CLANG_ENABLE_OBJC_WEAK = YES;
				CLANG_WARN_BLOCK_CAPTURE_AUTORELEASING = YES;
				CLANG_WARN_BOOL_CONVERSION = YES;
				CLANG_WARN_COMMA = YES;
				CLANG_WARN_CONSTANT_CONVERSION = YES;
				CLANG_WARN_DEPRECATED_OBJC_IMPLEMENTATIONS = YES;
				CLANG_WARN_DIRECT_OBJC_ISA_USAGE = YES_ERROR;
				CLANG_WARN_DOCUMENTATION_COMMENTS = YES;
				CLANG_WARN_EMPTY_BODY = YES;
				CLANG_WARN_ENUM_CONVERSION = YES;
				CLANG_WARN_INFINITE_RECURSION = YES;
				CLANG_WARN_INT_CONVERSION = YES;
				CLANG_WARN_NON_LITERAL_NULL_CONVERSION = YES;
				CLANG_WARN_OBJC_IMPLICIT_RETAIN_SELF = YES;
				CLANG_WARN_OBJC_LITERAL_CONVERSION = YES;
				CLANG_WARN_OBJC_ROOT_CLASS = YES_ERROR;
				CLANG_WARN_QUOTED_INCLUDE_IN_FRAMEWORK_HEADER = YES;
				CLANG_WARN_RANGE_LOOP_ANALYSIS = YES;
				CLANG_WARN_STRICT_PROTOTYPES = YES;
				CLANG_WARN_SUSPICIOUS_MOVE = YES;
				CLANG_WARN_UNGUARDED_AVAILABILITY = YES_AGGRESSIVE;
				CLANG_WARN_UNREACHABLE_CODE = YES;
				CLANG_WARN__DUPLICATE_METHOD_MATCH = YES;
				COPY_PHASE_STRIP = NO;
				DEBUG_INFORMATION_FORMAT = "dwarf-with-dsym";
				ENABLE_NS_ASSERTIONS = NO;
				ENABLE_STRICT_OBJC_MSGSEND = YES;
				GCC_C_LANGUAGE_STANDARD = gnu11;
				GCC_NO_COMMON_BLOCKS = YES;
				GCC_WARN_64_TO_32_BIT_CONVERSION = YES;
				GCC_WARN_ABOUT_RETURN_TYPE = YES_ERROR;
				GCC_WARN_UNDECLARED_SELECTOR = YES;
				GCC_WARN_UNINITIALIZED_AUTOS = YES_AGGRESSIVE;
				GCC_WARN_UNUSED_FUNCTION = YES;
				GCC_WARN_UNUSED_VARIABLE = YES;
				IPHONEOS_DEPLOYMENT_TARGET = 15.5;
				MTL_ENABLE_DEBUG_INFO = NO;
				MTL_FAST_MATH = YES;
				SDKROOT = iphoneos;
				SWIFT_COMPILATION_MODE = wholemodule;
				SWIFT_OPTIMIZATION_LEVEL = "-O";
				VALIDATE_PRODUCT = YES;
			};
			name = Release;
		};
		1C536FB228F4C9F0000B9DF7 /* Debug */ = {
			isa = XCBuildConfiguration;
			baseConfigurationReference = 13439105A8C8149D455D66EA /* Pods-Insta.debug.xcconfig */;
			buildSettings = {
				ASSETCATALOG_COMPILER_APPICON_NAME = AppIcon;
				ASSETCATALOG_COMPILER_GLOBAL_ACCENT_COLOR_NAME = AccentColor;
				CODE_SIGN_STYLE = Automatic;
				CURRENT_PROJECT_VERSION = 1;
				DEVELOPMENT_TEAM = 533TP9CHK8;
				GENERATE_INFOPLIST_FILE = YES;
				INFOPLIST_FILE = Insta/Info.plist;
				INFOPLIST_KEY_UIApplicationSupportsIndirectInputEvents = YES;
				INFOPLIST_KEY_UILaunchStoryboardName = LaunchScreen;
				INFOPLIST_KEY_UIMainStoryboardFile = LaunchScreen;
				INFOPLIST_KEY_UISupportedInterfaceOrientations_iPad = "UIInterfaceOrientationPortrait UIInterfaceOrientationPortraitUpsideDown UIInterfaceOrientationLandscapeLeft UIInterfaceOrientationLandscapeRight";
				INFOPLIST_KEY_UISupportedInterfaceOrientations_iPhone = "UIInterfaceOrientationPortrait UIInterfaceOrientationLandscapeLeft UIInterfaceOrientationLandscapeRight";
				LD_RUNPATH_SEARCH_PATHS = (
					"$(inherited)",
					"@executable_path/Frameworks",
				);
				MARKETING_VERSION = 1.0;
				PRODUCT_BUNDLE_IDENTIFIER = anOrg.Insta;
				PRODUCT_NAME = "$(TARGET_NAME)";
				SWIFT_EMIT_LOC_STRINGS = YES;
				SWIFT_VERSION = 5.0;
				TARGETED_DEVICE_FAMILY = "1,2";
			};
			name = Debug;
		};
		1C536FB328F4C9F0000B9DF7 /* Release */ = {
			isa = XCBuildConfiguration;
			baseConfigurationReference = BD70A75A3EAFE52BFFFBF750 /* Pods-Insta.release.xcconfig */;
			buildSettings = {
				ASSETCATALOG_COMPILER_APPICON_NAME = AppIcon;
				ASSETCATALOG_COMPILER_GLOBAL_ACCENT_COLOR_NAME = AccentColor;
				CODE_SIGN_STYLE = Automatic;
				CURRENT_PROJECT_VERSION = 1;
				DEVELOPMENT_TEAM = 533TP9CHK8;
				GENERATE_INFOPLIST_FILE = YES;
				INFOPLIST_FILE = Insta/Info.plist;
				INFOPLIST_KEY_UIApplicationSupportsIndirectInputEvents = YES;
				INFOPLIST_KEY_UILaunchStoryboardName = LaunchScreen;
				INFOPLIST_KEY_UIMainStoryboardFile = LaunchScreen;
				INFOPLIST_KEY_UISupportedInterfaceOrientations_iPad = "UIInterfaceOrientationPortrait UIInterfaceOrientationPortraitUpsideDown UIInterfaceOrientationLandscapeLeft UIInterfaceOrientationLandscapeRight";
				INFOPLIST_KEY_UISupportedInterfaceOrientations_iPhone = "UIInterfaceOrientationPortrait UIInterfaceOrientationLandscapeLeft UIInterfaceOrientationLandscapeRight";
				LD_RUNPATH_SEARCH_PATHS = (
					"$(inherited)",
					"@executable_path/Frameworks",
				);
				MARKETING_VERSION = 1.0;
				PRODUCT_BUNDLE_IDENTIFIER = anOrg.Insta;
				PRODUCT_NAME = "$(TARGET_NAME)";
				SWIFT_EMIT_LOC_STRINGS = YES;
				SWIFT_VERSION = 5.0;
				TARGETED_DEVICE_FAMILY = "1,2";
			};
			name = Release;
		};
		1C536FB528F4C9F0000B9DF7 /* Debug */ = {
			isa = XCBuildConfiguration;
			baseConfigurationReference = ED5E0B2F1ECEED5E476D3723 /* Pods-InstaTests.debug.xcconfig */;
			buildSettings = {
				ALWAYS_EMBED_SWIFT_STANDARD_LIBRARIES = YES;
				BUNDLE_LOADER = "$(TEST_HOST)";
				CODE_SIGN_STYLE = Automatic;
				CURRENT_PROJECT_VERSION = 1;
				DEVELOPMENT_TEAM = 533TP9CHK8;
				GENERATE_INFOPLIST_FILE = YES;
				IPHONEOS_DEPLOYMENT_TARGET = 15.5;
				MARKETING_VERSION = 1.0;
				PRODUCT_BUNDLE_IDENTIFIER = anOrg.InstaTests;
				PRODUCT_NAME = "$(TARGET_NAME)";
				SWIFT_EMIT_LOC_STRINGS = NO;
				SWIFT_VERSION = 5.0;
				TARGETED_DEVICE_FAMILY = "1,2";
				TEST_HOST = "$(BUILT_PRODUCTS_DIR)/Insta.app/Insta";
			};
			name = Debug;
		};
		1C536FB628F4C9F0000B9DF7 /* Release */ = {
			isa = XCBuildConfiguration;
			baseConfigurationReference = 672F16052859B38F4BD14DF4 /* Pods-InstaTests.release.xcconfig */;
			buildSettings = {
				ALWAYS_EMBED_SWIFT_STANDARD_LIBRARIES = YES;
				BUNDLE_LOADER = "$(TEST_HOST)";
				CODE_SIGN_STYLE = Automatic;
				CURRENT_PROJECT_VERSION = 1;
				DEVELOPMENT_TEAM = 533TP9CHK8;
				GENERATE_INFOPLIST_FILE = YES;
				IPHONEOS_DEPLOYMENT_TARGET = 15.5;
				MARKETING_VERSION = 1.0;
				PRODUCT_BUNDLE_IDENTIFIER = anOrg.InstaTests;
				PRODUCT_NAME = "$(TARGET_NAME)";
				SWIFT_EMIT_LOC_STRINGS = NO;
				SWIFT_VERSION = 5.0;
				TARGETED_DEVICE_FAMILY = "1,2";
				TEST_HOST = "$(BUILT_PRODUCTS_DIR)/Insta.app/Insta";
			};
			name = Release;
		};
		1C536FB828F4C9F0000B9DF7 /* Debug */ = {
			isa = XCBuildConfiguration;
			baseConfigurationReference = DF94E1A41DD2508548E0C748 /* Pods-Insta-InstaUITests.debug.xcconfig */;
			buildSettings = {
				ALWAYS_EMBED_SWIFT_STANDARD_LIBRARIES = YES;
				CODE_SIGN_STYLE = Automatic;
				CURRENT_PROJECT_VERSION = 1;
				DEVELOPMENT_TEAM = 533TP9CHK8;
				GENERATE_INFOPLIST_FILE = YES;
				MARKETING_VERSION = 1.0;
				PRODUCT_BUNDLE_IDENTIFIER = anOrg.InstaUITests;
				PRODUCT_NAME = "$(TARGET_NAME)";
				SWIFT_EMIT_LOC_STRINGS = NO;
				SWIFT_VERSION = 5.0;
				TARGETED_DEVICE_FAMILY = "1,2";
				TEST_TARGET_NAME = Insta;
			};
			name = Debug;
		};
		1C536FB928F4C9F0000B9DF7 /* Release */ = {
			isa = XCBuildConfiguration;
			baseConfigurationReference = 47D1A2B17FDA28EF8DC9ECFC /* Pods-Insta-InstaUITests.release.xcconfig */;
			buildSettings = {
				ALWAYS_EMBED_SWIFT_STANDARD_LIBRARIES = YES;
				CODE_SIGN_STYLE = Automatic;
				CURRENT_PROJECT_VERSION = 1;
				DEVELOPMENT_TEAM = 533TP9CHK8;
				GENERATE_INFOPLIST_FILE = YES;
				MARKETING_VERSION = 1.0;
				PRODUCT_BUNDLE_IDENTIFIER = anOrg.InstaUITests;
				PRODUCT_NAME = "$(TARGET_NAME)";
				SWIFT_EMIT_LOC_STRINGS = NO;
				SWIFT_VERSION = 5.0;
				TARGETED_DEVICE_FAMILY = "1,2";
				TEST_TARGET_NAME = Insta;
			};
			name = Release;
		};
/* End XCBuildConfiguration section */

/* Begin XCConfigurationList section */
		1C536F8228F4C9EF000B9DF7 /* Build configuration list for PBXProject "Insta" */ = {
			isa = XCConfigurationList;
			buildConfigurations = (
				1C536FAF28F4C9F0000B9DF7 /* Debug */,
				1C536FB028F4C9F0000B9DF7 /* Release */,
			);
			defaultConfigurationIsVisible = 0;
			defaultConfigurationName = Release;
		};
		1C536FB128F4C9F0000B9DF7 /* Build configuration list for PBXNativeTarget "Insta" */ = {
			isa = XCConfigurationList;
			buildConfigurations = (
				1C536FB228F4C9F0000B9DF7 /* Debug */,
				1C536FB328F4C9F0000B9DF7 /* Release */,
			);
			defaultConfigurationIsVisible = 0;
			defaultConfigurationName = Release;
		};
		1C536FB428F4C9F0000B9DF7 /* Build configuration list for PBXNativeTarget "InstaTests" */ = {
			isa = XCConfigurationList;
			buildConfigurations = (
				1C536FB528F4C9F0000B9DF7 /* Debug */,
				1C536FB628F4C9F0000B9DF7 /* Release */,
			);
			defaultConfigurationIsVisible = 0;
			defaultConfigurationName = Release;
		};
		1C536FB728F4C9F0000B9DF7 /* Build configuration list for PBXNativeTarget "InstaUITests" */ = {
			isa = XCConfigurationList;
			buildConfigurations = (
				1C536FB828F4C9F0000B9DF7 /* Debug */,
				1C536FB928F4C9F0000B9DF7 /* Release */,
			);
			defaultConfigurationIsVisible = 0;
			defaultConfigurationName = Release;
		};
/* End XCConfigurationList section */
	};
	rootObject = 1C536F7F28F4C9EF000B9DF7 /* Project object */;
}
